// !$*UTF8*$!
{
	archiveVersion = 1;
	classes = {
	};
	objectVersion = 56;
	objects = {

/* Begin PBXBuildFile section */
		2E4FAEAD29A1E2E300BE3083 /* JournalTableViewController.swift in Sources */ = {isa = PBXBuildFile; fileRef = 2E4FAEAC29A1E2E300BE3083 /* JournalTableViewController.swift */; };
		2E4FAEAF29A1ED5000BE3083 /* NewVitalsTableViewController.swift in Sources */ = {isa = PBXBuildFile; fileRef = 2E4FAEAE29A1ED5000BE3083 /* NewVitalsTableViewController.swift */; };
		840D08A429A1AB30006233E1 /* Utils.swift in Sources */ = {isa = PBXBuildFile; fileRef = 840D08A329A1AB30006233E1 /* Utils.swift */; };
		840D08A629A2CCD5006233E1 /* AddNewVitalViewController.swift in Sources */ = {isa = PBXBuildFile; fileRef = 840D08A529A2CCD5006233E1 /* AddNewVitalViewController.swift */; };
		840D08A829A2D1E6006233E1 /* AddNewSymptomViewController.swift in Sources */ = {isa = PBXBuildFile; fileRef = 840D08A729A2D1E6006233E1 /* AddNewSymptomViewController.swift */; };
		840D08AA29A2E12C006233E1 /* CreateNewUserViewController.swift in Sources */ = {isa = PBXBuildFile; fileRef = 840D08A929A2E12C006233E1 /* CreateNewUserViewController.swift */; };
		843FAF27299EF980001A404A /* NewEntryViewCont.swift in Sources */ = {isa = PBXBuildFile; fileRef = 843FAF26299EF980001A404A /* NewEntryViewCont.swift */; };
		843FAF2F299F35EB001A404A /* DataMgr.swift in Sources */ = {isa = PBXBuildFile; fileRef = 843FAF2E299F35EB001A404A /* DataMgr.swift */; };
		843FAF3329A024FB001A404A /* JournalHeaderView.swift in Sources */ = {isa = PBXBuildFile; fileRef = 843FAF3229A024FB001A404A /* JournalHeaderView.swift */; };
		843FAF3529A02B62001A404A /* JournalEntry.swift in Sources */ = {isa = PBXBuildFile; fileRef = 843FAF3429A02B62001A404A /* JournalEntry.swift */; };
		843FAF3B29A04439001A404A /* User.swift in Sources */ = {isa = PBXBuildFile; fileRef = 843FAF3A29A04439001A404A /* User.swift */; };
		843FAF3F29A09181001A404A /* SelectUserViewCont.swift in Sources */ = {isa = PBXBuildFile; fileRef = 843FAF3E29A09181001A404A /* SelectUserViewCont.swift */; };
		845C2EB629A695450045E820 /* ManageUsersTableViewCont.swift in Sources */ = {isa = PBXBuildFile; fileRef = 845C2EB529A695450045E820 /* ManageUsersTableViewCont.swift */; };
		845D3D5A299DAEE100346DE4 /* AppDelegate.swift in Sources */ = {isa = PBXBuildFile; fileRef = 845D3D59299DAEE100346DE4 /* AppDelegate.swift */; };
		845D3D5C299DAEE100346DE4 /* SceneDelegate.swift in Sources */ = {isa = PBXBuildFile; fileRef = 845D3D5B299DAEE100346DE4 /* SceneDelegate.swift */; };
		845D3D5E299DAEE100346DE4 /* SetupViewCont.swift in Sources */ = {isa = PBXBuildFile; fileRef = 845D3D5D299DAEE100346DE4 /* SetupViewCont.swift */; };
		845D3D61299DAEE100346DE4 /* Main.storyboard in Resources */ = {isa = PBXBuildFile; fileRef = 845D3D5F299DAEE100346DE4 /* Main.storyboard */; };
		845D3D63299DAEE300346DE4 /* Assets.xcassets in Resources */ = {isa = PBXBuildFile; fileRef = 845D3D62299DAEE300346DE4 /* Assets.xcassets */; };
		845D3D66299DAEE300346DE4 /* LaunchScreen.storyboard in Resources */ = {isa = PBXBuildFile; fileRef = 845D3D64299DAEE300346DE4 /* LaunchScreen.storyboard */; };
		845D3D7D299DE7E600346DE4 /* CentralTableViewCell.swift in Sources */ = {isa = PBXBuildFile; fileRef = 845D3D7B299DE7E600346DE4 /* CentralTableViewCell.swift */; };
		845D3D7E299DE7E600346DE4 /* CentralTableViewCell.xib in Resources */ = {isa = PBXBuildFile; fileRef = 845D3D7C299DE7E600346DE4 /* CentralTableViewCell.xib */; };
		8490E7EC29C65187003C9BE3 /* UserDetailsTableViewController.swift in Sources */ = {isa = PBXBuildFile; fileRef = 8490E7EB29C65187003C9BE3 /* UserDetailsTableViewController.swift */; };
		84A718BC29BB97F400A89311 /* Vital.swift in Sources */ = {isa = PBXBuildFile; fileRef = 84A718BB29BB97F400A89311 /* Vital.swift */; };
/* End PBXBuildFile section */

/* Begin PBXFileReference section */
		2E4FAEAC29A1E2E300BE3083 /* JournalTableViewController.swift */ = {isa = PBXFileReference; lastKnownFileType = sourcecode.swift; path = JournalTableViewController.swift; sourceTree = "<group>"; };
		2E4FAEAE29A1ED5000BE3083 /* NewVitalsTableViewController.swift */ = {isa = PBXFileReference; lastKnownFileType = sourcecode.swift; path = NewVitalsTableViewController.swift; sourceTree = "<group>"; };
		840D08A329A1AB30006233E1 /* Utils.swift */ = {isa = PBXFileReference; lastKnownFileType = sourcecode.swift; path = Utils.swift; sourceTree = "<group>"; };
		840D08A529A2CCD5006233E1 /* AddNewVitalViewController.swift */ = {isa = PBXFileReference; lastKnownFileType = sourcecode.swift; path = AddNewVitalViewController.swift; sourceTree = "<group>"; };
		840D08A729A2D1E6006233E1 /* AddNewSymptomViewController.swift */ = {isa = PBXFileReference; lastKnownFileType = sourcecode.swift; path = AddNewSymptomViewController.swift; sourceTree = "<group>"; };
		840D08A929A2E12C006233E1 /* CreateNewUserViewController.swift */ = {isa = PBXFileReference; lastKnownFileType = sourcecode.swift; path = CreateNewUserViewController.swift; sourceTree = "<group>"; };
		843FAF26299EF980001A404A /* NewEntryViewCont.swift */ = {isa = PBXFileReference; lastKnownFileType = sourcecode.swift; path = NewEntryViewCont.swift; sourceTree = "<group>"; };
		843FAF2E299F35EB001A404A /* DataMgr.swift */ = {isa = PBXFileReference; lastKnownFileType = sourcecode.swift; path = DataMgr.swift; sourceTree = "<group>"; };
		843FAF3229A024FB001A404A /* JournalHeaderView.swift */ = {isa = PBXFileReference; lastKnownFileType = sourcecode.swift; path = JournalHeaderView.swift; sourceTree = "<group>"; };
		843FAF3429A02B62001A404A /* JournalEntry.swift */ = {isa = PBXFileReference; lastKnownFileType = sourcecode.swift; path = JournalEntry.swift; sourceTree = "<group>"; };
		843FAF3A29A04439001A404A /* User.swift */ = {isa = PBXFileReference; lastKnownFileType = sourcecode.swift; path = User.swift; sourceTree = "<group>"; };
		843FAF3E29A09181001A404A /* SelectUserViewCont.swift */ = {isa = PBXFileReference; lastKnownFileType = sourcecode.swift; path = SelectUserViewCont.swift; sourceTree = "<group>"; };
		845C2EB529A695450045E820 /* ManageUsersTableViewCont.swift */ = {isa = PBXFileReference; lastKnownFileType = sourcecode.swift; path = ManageUsersTableViewCont.swift; sourceTree = "<group>"; };
		845D3D56299DAEE100346DE4 /* CareNotes.app */ = {isa = PBXFileReference; explicitFileType = wrapper.application; includeInIndex = 0; path = CareNotes.app; sourceTree = BUILT_PRODUCTS_DIR; };
		845D3D59299DAEE100346DE4 /* AppDelegate.swift */ = {isa = PBXFileReference; lastKnownFileType = sourcecode.swift; path = AppDelegate.swift; sourceTree = "<group>"; };
		845D3D5B299DAEE100346DE4 /* SceneDelegate.swift */ = {isa = PBXFileReference; lastKnownFileType = sourcecode.swift; path = SceneDelegate.swift; sourceTree = "<group>"; };
		845D3D5D299DAEE100346DE4 /* SetupViewCont.swift */ = {isa = PBXFileReference; lastKnownFileType = sourcecode.swift; path = SetupViewCont.swift; sourceTree = "<group>"; };
		845D3D60299DAEE100346DE4 /* Base */ = {isa = PBXFileReference; lastKnownFileType = file.storyboard; name = Base; path = Base.lproj/Main.storyboard; sourceTree = "<group>"; };
		845D3D62299DAEE300346DE4 /* Assets.xcassets */ = {isa = PBXFileReference; lastKnownFileType = folder.assetcatalog; path = Assets.xcassets; sourceTree = "<group>"; };
		845D3D65299DAEE300346DE4 /* Base */ = {isa = PBXFileReference; lastKnownFileType = file.storyboard; name = Base; path = Base.lproj/LaunchScreen.storyboard; sourceTree = "<group>"; };
		845D3D67299DAEE300346DE4 /* Info.plist */ = {isa = PBXFileReference; lastKnownFileType = text.plist.xml; path = Info.plist; sourceTree = "<group>"; };
		845D3D7B299DE7E600346DE4 /* CentralTableViewCell.swift */ = {isa = PBXFileReference; lastKnownFileType = sourcecode.swift; path = CentralTableViewCell.swift; sourceTree = "<group>"; };
		845D3D7C299DE7E600346DE4 /* CentralTableViewCell.xib */ = {isa = PBXFileReference; lastKnownFileType = file.xib; path = CentralTableViewCell.xib; sourceTree = "<group>"; };
		8490E7EB29C65187003C9BE3 /* UserDetailsTableViewController.swift */ = {isa = PBXFileReference; fileEncoding = 4; lastKnownFileType = sourcecode.swift; path = UserDetailsTableViewController.swift; sourceTree = "<group>"; };
		84A718BB29BB97F400A89311 /* Vital.swift */ = {isa = PBXFileReference; lastKnownFileType = sourcecode.swift; path = Vital.swift; sourceTree = "<group>"; };
/* End PBXFileReference section */

/* Begin PBXFrameworksBuildPhase section */
		845D3D53299DAEE100346DE4 /* Frameworks */ = {
			isa = PBXFrameworksBuildPhase;
			buildActionMask = 2147483647;
			files = (
			);
			runOnlyForDeploymentPostprocessing = 0;
		};
/* End PBXFrameworksBuildPhase section */

/* Begin PBXGroup section */
		843FAF3629A04287001A404A /* Data */ = {
			isa = PBXGroup;
			children = (
				843FAF2E299F35EB001A404A /* DataMgr.swift */,
				843FAF3429A02B62001A404A /* JournalEntry.swift */,
				843FAF3A29A04439001A404A /* User.swift */,
				84A718BB29BB97F400A89311 /* Vital.swift */,
			);
			path = Data;
			sourceTree = "<group>";
		};
		843FAF3729A042DF001A404A /* General */ = {
			isa = PBXGroup;
			children = (
				845D3D5B299DAEE100346DE4 /* SceneDelegate.swift */,
				845D3D59299DAEE100346DE4 /* AppDelegate.swift */,
				845D3D64299DAEE300346DE4 /* LaunchScreen.storyboard */,
				845D3D5F299DAEE100346DE4 /* Main.storyboard */,
				845D3D62299DAEE300346DE4 /* Assets.xcassets */,
				840D08A329A1AB30006233E1 /* Utils.swift */,
			);
			path = General;
			sourceTree = "<group>";
		};
		843FAF3829A04350001A404A /* Journal */ = {
			isa = PBXGroup;
			children = (
				843FAF3229A024FB001A404A /* JournalHeaderView.swift */,
				2E4FAEAC29A1E2E300BE3083 /* JournalTableViewController.swift */,
				843FAF26299EF980001A404A /* NewEntryViewCont.swift */,
				845D3D7B299DE7E600346DE4 /* CentralTableViewCell.swift */,
				845D3D7C299DE7E600346DE4 /* CentralTableViewCell.xib */,
				2E4FAEAE29A1ED5000BE3083 /* NewVitalsTableViewController.swift */,
				840D08A529A2CCD5006233E1 /* AddNewVitalViewController.swift */,
				840D08A729A2D1E6006233E1 /* AddNewSymptomViewController.swift */,
			);
			path = Journal;
			sourceTree = "<group>";
		};
		843FAF3929A04367001A404A /* Users */ = {
			isa = PBXGroup;
			children = (
				8490E7EB29C65187003C9BE3 /* UserDetailsTableViewController.swift */,
				845D3D5D299DAEE100346DE4 /* SetupViewCont.swift */,
				843FAF3E29A09181001A404A /* SelectUserViewCont.swift */,
				840D08A929A2E12C006233E1 /* CreateNewUserViewController.swift */,
				845C2EB529A695450045E820 /* ManageUsersTableViewCont.swift */,
			);
			path = Users;
			sourceTree = "<group>";
		};
		845D3D4D299DAEE100346DE4 = {
			isa = PBXGroup;
			children = (
				845D3D58299DAEE100346DE4 /* CareNotes */,
				845D3D57299DAEE100346DE4 /* Products */,
			);
			sourceTree = "<group>";
		};
		845D3D57299DAEE100346DE4 /* Products */ = {
			isa = PBXGroup;
			children = (
				845D3D56299DAEE100346DE4 /* CareNotes.app */,
			);
			name = Products;
			sourceTree = "<group>";
		};
		845D3D58299DAEE100346DE4 /* CareNotes */ = {
			isa = PBXGroup;
			children = (
				845D3D67299DAEE300346DE4 /* Info.plist */,
				843FAF3629A04287001A404A /* Data */,
				843FAF3729A042DF001A404A /* General */,
				843FAF3829A04350001A404A /* Journal */,
				843FAF3929A04367001A404A /* Users */,
			);
			path = CareNotes;
			sourceTree = "<group>";
		};
/* End PBXGroup section */

/* Begin PBXNativeTarget section */
		845D3D55299DAEE100346DE4 /* CareNotes */ = {
			isa = PBXNativeTarget;
			buildConfigurationList = 845D3D6A299DAEE300346DE4 /* Build configuration list for PBXNativeTarget "CareNotes" */;
			buildPhases = (
				845D3D52299DAEE100346DE4 /* Sources */,
				845D3D53299DAEE100346DE4 /* Frameworks */,
				845D3D54299DAEE100346DE4 /* Resources */,
			);
			buildRules = (
			);
			dependencies = (
			);
			name = CareNotes;
			productName = CareNotes;
			productReference = 845D3D56299DAEE100346DE4 /* CareNotes.app */;
			productType = "com.apple.product-type.application";
		};
/* End PBXNativeTarget section */

/* Begin PBXProject section */
		845D3D4E299DAEE100346DE4 /* Project object */ = {
			isa = PBXProject;
			attributes = {
				BuildIndependentTargetsInParallel = 1;
				LastSwiftUpdateCheck = 1410;
				LastUpgradeCheck = 1410;
				TargetAttributes = {
					845D3D55299DAEE100346DE4 = {
						CreatedOnToolsVersion = 14.1;
					};
				};
			};
			buildConfigurationList = 845D3D51299DAEE100346DE4 /* Build configuration list for PBXProject "CareNotes" */;
			compatibilityVersion = "Xcode 14.0";
			developmentRegion = en;
			hasScannedForEncodings = 0;
			knownRegions = (
				en,
				Base,
			);
			mainGroup = 845D3D4D299DAEE100346DE4;
			productRefGroup = 845D3D57299DAEE100346DE4 /* Products */;
			projectDirPath = "";
			projectRoot = "";
			targets = (
				845D3D55299DAEE100346DE4 /* CareNotes */,
			);
		};
/* End PBXProject section */

/* Begin PBXResourcesBuildPhase section */
		845D3D54299DAEE100346DE4 /* Resources */ = {
			isa = PBXResourcesBuildPhase;
			buildActionMask = 2147483647;
			files = (
				845D3D66299DAEE300346DE4 /* LaunchScreen.storyboard in Resources */,
				845D3D63299DAEE300346DE4 /* Assets.xcassets in Resources */,
				845D3D61299DAEE100346DE4 /* Main.storyboard in Resources */,
				845D3D7E299DE7E600346DE4 /* CentralTableViewCell.xib in Resources */,
			);
			runOnlyForDeploymentPostprocessing = 0;
		};
/* End PBXResourcesBuildPhase section */

/* Begin PBXSourcesBuildPhase section */
		845D3D52299DAEE100346DE4 /* Sources */ = {
			isa = PBXSourcesBuildPhase;
			buildActionMask = 2147483647;
			files = (
				8490E7EC29C65187003C9BE3 /* UserDetailsTableViewController.swift in Sources */,
				843FAF3F29A09181001A404A /* SelectUserViewCont.swift in Sources */,
				84A718BC29BB97F400A89311 /* Vital.swift in Sources */,
				840D08A429A1AB30006233E1 /* Utils.swift in Sources */,
				843FAF2F299F35EB001A404A /* DataMgr.swift in Sources */,
				2E4FAEAF29A1ED5000BE3083 /* NewVitalsTableViewController.swift in Sources */,
				843FAF3529A02B62001A404A /* JournalEntry.swift in Sources */,
				2E4FAEAD29A1E2E300BE3083 /* JournalTableViewController.swift in Sources */,
				845D3D5E299DAEE100346DE4 /* SetupViewCont.swift in Sources */,
				845D3D7D299DE7E600346DE4 /* CentralTableViewCell.swift in Sources */,
				840D08AA29A2E12C006233E1 /* CreateNewUserViewController.swift in Sources */,
				840D08A829A2D1E6006233E1 /* AddNewSymptomViewController.swift in Sources */,
				843FAF3329A024FB001A404A /* JournalHeaderView.swift in Sources */,
				845C2EB629A695450045E820 /* ManageUsersTableViewCont.swift in Sources */,
				845D3D5A299DAEE100346DE4 /* AppDelegate.swift in Sources */,
				843FAF27299EF980001A404A /* NewEntryViewCont.swift in Sources */,
				845D3D5C299DAEE100346DE4 /* SceneDelegate.swift in Sources */,
				840D08A629A2CCD5006233E1 /* AddNewVitalViewController.swift in Sources */,
				843FAF3B29A04439001A404A /* User.swift in Sources */,
			);
			runOnlyForDeploymentPostprocessing = 0;
		};
/* End PBXSourcesBuildPhase section */

/* Begin PBXVariantGroup section */
		845D3D5F299DAEE100346DE4 /* Main.storyboard */ = {
			isa = PBXVariantGroup;
			children = (
				845D3D60299DAEE100346DE4 /* Base */,
			);
			name = Main.storyboard;
			sourceTree = "<group>";
		};
		845D3D64299DAEE300346DE4 /* LaunchScreen.storyboard */ = {
			isa = PBXVariantGroup;
			children = (
				845D3D65299DAEE300346DE4 /* Base */,
			);
			name = LaunchScreen.storyboard;
			sourceTree = "<group>";
		};
/* End PBXVariantGroup section */

/* Begin XCBuildConfiguration section */
		845D3D68299DAEE300346DE4 /* Debug */ = {
			isa = XCBuildConfiguration;
			buildSettings = {
				ALWAYS_SEARCH_USER_PATHS = NO;
				CLANG_ANALYZER_NONNULL = YES;
				CLANG_ANALYZER_NUMBER_OBJECT_CONVERSION = YES_AGGRESSIVE;
				CLANG_CXX_LANGUAGE_STANDARD = "gnu++20";
				CLANG_ENABLE_MODULES = YES;
				CLANG_ENABLE_OBJC_ARC = YES;
				CLANG_ENABLE_OBJC_WEAK = YES;
				CLANG_WARN_BLOCK_CAPTURE_AUTORELEASING = YES;
				CLANG_WARN_BOOL_CONVERSION = YES;
				CLANG_WARN_COMMA = YES;
				CLANG_WARN_CONSTANT_CONVERSION = YES;
				CLANG_WARN_DEPRECATED_OBJC_IMPLEMENTATIONS = YES;
				CLANG_WARN_DIRECT_OBJC_ISA_USAGE = YES_ERROR;
				CLANG_WARN_DOCUMENTATION_COMMENTS = YES;
				CLANG_WARN_EMPTY_BODY = YES;
				CLANG_WARN_ENUM_CONVERSION = YES;
				CLANG_WARN_INFINITE_RECURSION = YES;
				CLANG_WARN_INT_CONVERSION = YES;
				CLANG_WARN_NON_LITERAL_NULL_CONVERSION = YES;
				CLANG_WARN_OBJC_IMPLICIT_RETAIN_SELF = YES;
				CLANG_WARN_OBJC_LITERAL_CONVERSION = YES;
				CLANG_WARN_OBJC_ROOT_CLASS = YES_ERROR;
				CLANG_WARN_QUOTED_INCLUDE_IN_FRAMEWORK_HEADER = YES;
				CLANG_WARN_RANGE_LOOP_ANALYSIS = YES;
				CLANG_WARN_STRICT_PROTOTYPES = YES;
				CLANG_WARN_SUSPICIOUS_MOVE = YES;
				CLANG_WARN_UNGUARDED_AVAILABILITY = YES_AGGRESSIVE;
				CLANG_WARN_UNREACHABLE_CODE = YES;
				CLANG_WARN__DUPLICATE_METHOD_MATCH = YES;
				COPY_PHASE_STRIP = NO;
				DEBUG_INFORMATION_FORMAT = dwarf;
				ENABLE_STRICT_OBJC_MSGSEND = YES;
				ENABLE_TESTABILITY = YES;
				GCC_C_LANGUAGE_STANDARD = gnu11;
				GCC_DYNAMIC_NO_PIC = NO;
				GCC_NO_COMMON_BLOCKS = YES;
				GCC_OPTIMIZATION_LEVEL = 0;
				GCC_PREPROCESSOR_DEFINITIONS = (
					"DEBUG=1",
					"$(inherited)",
				);
				GCC_WARN_64_TO_32_BIT_CONVERSION = YES;
				GCC_WARN_ABOUT_RETURN_TYPE = YES_ERROR;
				GCC_WARN_UNDECLARED_SELECTOR = YES;
				GCC_WARN_UNINITIALIZED_AUTOS = YES_AGGRESSIVE;
				GCC_WARN_UNUSED_FUNCTION = YES;
				GCC_WARN_UNUSED_VARIABLE = YES;
				IPHONEOS_DEPLOYMENT_TARGET = 16.1;
				MTL_ENABLE_DEBUG_INFO = INCLUDE_SOURCE;
				MTL_FAST_MATH = YES;
				ONLY_ACTIVE_ARCH = YES;
				SDKROOT = iphoneos;
				SWIFT_ACTIVE_COMPILATION_CONDITIONS = DEBUG;
				SWIFT_OPTIMIZATION_LEVEL = "-Onone";
			};
			name = Debug;
		};
		845D3D69299DAEE300346DE4 /* Release */ = {
			isa = XCBuildConfiguration;
			buildSettings = {
				ALWAYS_SEARCH_USER_PATHS = NO;
				CLANG_ANALYZER_NONNULL = YES;
				CLANG_ANALYZER_NUMBER_OBJECT_CONVERSION = YES_AGGRESSIVE;
				CLANG_CXX_LANGUAGE_STANDARD = "gnu++20";
				CLANG_ENABLE_MODULES = YES;
				CLANG_ENABLE_OBJC_ARC = YES;
				CLANG_ENABLE_OBJC_WEAK = YES;
				CLANG_WARN_BLOCK_CAPTURE_AUTORELEASING = YES;
				CLANG_WARN_BOOL_CONVERSION = YES;
				CLANG_WARN_COMMA = YES;
				CLANG_WARN_CONSTANT_CONVERSION = YES;
				CLANG_WARN_DEPRECATED_OBJC_IMPLEMENTATIONS = YES;
				CLANG_WARN_DIRECT_OBJC_ISA_USAGE = YES_ERROR;
				CLANG_WARN_DOCUMENTATION_COMMENTS = YES;
				CLANG_WARN_EMPTY_BODY = YES;
				CLANG_WARN_ENUM_CONVERSION = YES;
				CLANG_WARN_INFINITE_RECURSION = YES;
				CLANG_WARN_INT_CONVERSION = YES;
				CLANG_WARN_NON_LITERAL_NULL_CONVERSION = YES;
				CLANG_WARN_OBJC_IMPLICIT_RETAIN_SELF = YES;
				CLANG_WARN_OBJC_LITERAL_CONVERSION = YES;
				CLANG_WARN_OBJC_ROOT_CLASS = YES_ERROR;
				CLANG_WARN_QUOTED_INCLUDE_IN_FRAMEWORK_HEADER = YES;
				CLANG_WARN_RANGE_LOOP_ANALYSIS = YES;
				CLANG_WARN_STRICT_PROTOTYPES = YES;
				CLANG_WARN_SUSPICIOUS_MOVE = YES;
				CLANG_WARN_UNGUARDED_AVAILABILITY = YES_AGGRESSIVE;
				CLANG_WARN_UNREACHABLE_CODE = YES;
				CLANG_WARN__DUPLICATE_METHOD_MATCH = YES;
				COPY_PHASE_STRIP = NO;
				DEBUG_INFORMATION_FORMAT = "dwarf-with-dsym";
				ENABLE_NS_ASSERTIONS = NO;
				ENABLE_STRICT_OBJC_MSGSEND = YES;
				GCC_C_LANGUAGE_STANDARD = gnu11;
				GCC_NO_COMMON_BLOCKS = YES;
				GCC_WARN_64_TO_32_BIT_CONVERSION = YES;
				GCC_WARN_ABOUT_RETURN_TYPE = YES_ERROR;
				GCC_WARN_UNDECLARED_SELECTOR = YES;
				GCC_WARN_UNINITIALIZED_AUTOS = YES_AGGRESSIVE;
				GCC_WARN_UNUSED_FUNCTION = YES;
				GCC_WARN_UNUSED_VARIABLE = YES;
				IPHONEOS_DEPLOYMENT_TARGET = 16.1;
				MTL_ENABLE_DEBUG_INFO = NO;
				MTL_FAST_MATH = YES;
				SDKROOT = iphoneos;
				SWIFT_COMPILATION_MODE = wholemodule;
				SWIFT_OPTIMIZATION_LEVEL = "-O";
				VALIDATE_PRODUCT = YES;
			};
			name = Release;
		};
		845D3D6B299DAEE300346DE4 /* Debug */ = {
			isa = XCBuildConfiguration;
			buildSettings = {
				ASSETCATALOG_COMPILER_APPICON_NAME = AppIcon;
				ASSETCATALOG_COMPILER_GLOBAL_ACCENT_COLOR_NAME = AccentColor;
				CODE_SIGN_STYLE = Automatic;
				CURRENT_PROJECT_VERSION = 1;
				DEVELOPMENT_TEAM = LTLGY25Y72;
				GENERATE_INFOPLIST_FILE = YES;
				INFOPLIST_FILE = CareNotes/Info.plist;
				INFOPLIST_KEY_UIApplicationSupportsIndirectInputEvents = YES;
				INFOPLIST_KEY_UILaunchStoryboardName = LaunchScreen;
				INFOPLIST_KEY_UIMainStoryboardFile = Main;
				INFOPLIST_KEY_UISupportedInterfaceOrientations_iPad = "UIInterfaceOrientationPortrait UIInterfaceOrientationPortraitUpsideDown UIInterfaceOrientationLandscapeLeft UIInterfaceOrientationLandscapeRight";
				INFOPLIST_KEY_UISupportedInterfaceOrientations_iPhone = "UIInterfaceOrientationPortrait UIInterfaceOrientationLandscapeLeft UIInterfaceOrientationLandscapeRight";
				LD_RUNPATH_SEARCH_PATHS = (
					"$(inherited)",
					"@executable_path/Frameworks",
				);
				MARKETING_VERSION = 1.0;
				PRODUCT_BUNDLE_IDENTIFIER = CaitlynFlexer.CareNotes;
				PRODUCT_NAME = "$(TARGET_NAME)";
				SWIFT_EMIT_LOC_STRINGS = YES;
				SWIFT_VERSION = 5.0;
				TARGETED_DEVICE_FAMILY = "1,2";
			};
			name = Debug;
		};
		845D3D6C299DAEE300346DE4 /* Release */ = {
			isa = XCBuildConfiguration;
			buildSettings = {
				ASSETCATALOG_COMPILER_APPICON_NAME = AppIcon;
				ASSETCATALOG_COMPILER_GLOBAL_ACCENT_COLOR_NAME = AccentColor;
				CODE_SIGN_STYLE = Automatic;
				CURRENT_PROJECT_VERSION = 1;
				DEVELOPMENT_TEAM = LTLGY25Y72;
				GENERATE_INFOPLIST_FILE = YES;
				INFOPLIST_FILE = CareNotes/Info.plist;
				INFOPLIST_KEY_UIApplicationSupportsIndirectInputEvents = YES;
				INFOPLIST_KEY_UILaunchStoryboardName = LaunchScreen;
				INFOPLIST_KEY_UIMainStoryboardFile = Main;
				INFOPLIST_KEY_UISupportedInterfaceOrientations_iPad = "UIInterfaceOrientationPortrait UIInterfaceOrientationPortraitUpsideDown UIInterfaceOrientationLandscapeLeft UIInterfaceOrientationLandscapeRight";
				INFOPLIST_KEY_UISupportedInterfaceOrientations_iPhone = "UIInterfaceOrientationPortrait UIInterfaceOrientationLandscapeLeft UIInterfaceOrientationLandscapeRight";
				LD_RUNPATH_SEARCH_PATHS = (
					"$(inherited)",
					"@executable_path/Frameworks",
				);
				MARKETING_VERSION = 1.0;
				PRODUCT_BUNDLE_IDENTIFIER = CaitlynFlexer.CareNotes;
				PRODUCT_NAME = "$(TARGET_NAME)";
				SWIFT_EMIT_LOC_STRINGS = YES;
				SWIFT_VERSION = 5.0;
				TARGETED_DEVICE_FAMILY = "1,2";
			};
			name = Release;
		};
/* End XCBuildConfiguration section */

/* Begin XCConfigurationList section */
		845D3D51299DAEE100346DE4 /* Build configuration list for PBXProject "CareNotes" */ = {
			isa = XCConfigurationList;
			buildConfigurations = (
				845D3D68299DAEE300346DE4 /* Debug */,
				845D3D69299DAEE300346DE4 /* Release */,
			);
			defaultConfigurationIsVisible = 0;
			defaultConfigurationName = Release;
		};
		845D3D6A299DAEE300346DE4 /* Build configuration list for PBXNativeTarget "CareNotes" */ = {
			isa = XCConfigurationList;
			buildConfigurations = (
				845D3D6B299DAEE300346DE4 /* Debug */,
				845D3D6C299DAEE300346DE4 /* Release */,
			);
			defaultConfigurationIsVisible = 0;
			defaultConfigurationName = Release;
		};
/* End XCConfigurationList section */
	};
	rootObject = 845D3D4E299DAEE100346DE4 /* Project object */;
}
